
Microsoft Visual Studio Solution File, Format Version 12.00
# Visual Studio Version 17
VisualStudioVersion = 17.4.33403.182
MinimumVisualStudioVersion = 10.0.40219.1
Project("{FAE04EC0-301F-11D3-BF4B-00C04F79EFBC}") = "CijferRegistratie", "CijferRegistratie\CijferRegistratie.csproj", "{574F9863-7E3B-40CE-9CA9-80665CEB6122}"
EndProject
Project("{FAE04EC0-301F-11D3-BF4B-00C04F79EFBC}") = "StudentType", "StudentType\StudentType.csproj", "{C317B6FE-2F92-46AE-B0DE-9D23D156E429}"
EndProject
Global
	GlobalSection(SolutionConfigurationPlatforms) = preSolution
		Debug|Any CPU = Debug|Any CPU
		Release|Any CPU = Release|Any CPU
	EndGlobalSection
	GlobalSection(ProjectConfigurationPlatforms) = postSolution
		{574F9863-7E3B-40CE-9CA9-80665CEB6122}.Debug|Any CPU.ActiveCfg = Debug|Any CPU
		{574F9863-7E3B-40CE-9CA9-80665CEB6122}.Debug|Any CPU.Build.0 = Debug|Any CPU
		{574F9863-7E3B-40CE-9CA9-80665CEB6122}.Release|Any CPU.ActiveCfg = Release|Any CPU
		{574F9863-7E3B-40CE-9CA9-80665CEB6122}.Release|Any CPU.Build.0 = Release|Any CPU
		{C317B6FE-2F92-46AE-B0DE-9D23D156E429}.Debug|Any CPU.ActiveCfg = Debug|Any CPU
		{C317B6FE-2F92-46AE-B0DE-9D23D156E429}.Debug|Any CPU.Build.0 = Debug|Any CPU
		{C317B6FE-2F92-46AE-B0DE-9D23D156E429}.Release|Any CPU.ActiveCfg = Release|Any CPU
		{C317B6FE-2F92-46AE-B0DE-9D23D156E429}.Release|Any CPU.Build.0 = Release|Any CPU
	EndGlobalSection
	GlobalSection(SolutionProperties) = preSolution
		HideSolutionNode = FALSE
	EndGlobalSection
	GlobalSection(ExtensibilityGlobals) = postSolution
		SolutionGuid = {3B2ADF35-4976-41D6-B9EB-38C8FACF5505}
	EndGlobalSection
EndGlobal
